// !$*UTF8*$!
{
	archiveVersion = 1;
	classes = {
	};
	objectVersion = 46;
	objects = {

/* Begin PBXBuildFile section */
		838F73811A3965D100C5B64B /* main.m in Sources */ = {isa = PBXBuildFile; fileRef = 838F73801A3965D100C5B64B /* main.m */; };
		838F73841A3965D100C5B64B /* AppDelegate.m in Sources */ = {isa = PBXBuildFile; fileRef = 838F73831A3965D100C5B64B /* AppDelegate.m */; };
		838F73871A3965D100C5B64B /* ViewController.m in Sources */ = {isa = PBXBuildFile; fileRef = 838F73861A3965D100C5B64B /* ViewController.m */; };
		838F738A1A3965D100C5B64B /* Main.storyboard in Resources */ = {isa = PBXBuildFile; fileRef = 838F73881A3965D100C5B64B /* Main.storyboard */; };
		838F738C1A3965D100C5B64B /* Images.xcassets in Resources */ = {isa = PBXBuildFile; fileRef = 838F738B1A3965D100C5B64B /* Images.xcassets */; };
		838F738F1A3965D100C5B64B /* LaunchScreen.xib in Resources */ = {isa = PBXBuildFile; fileRef = 838F738D1A3965D100C5B64B /* LaunchScreen.xib */; };
		838F739B1A3965D200C5B64B /* webview_js_exampleTests.m in Sources */ = {isa = PBXBuildFile; fileRef = 838F739A1A3965D200C5B64B /* webview_js_exampleTests.m */; };
		838F73A51A3967FC00C5B64B /* LocalPage.html in Resources */ = {isa = PBXBuildFile; fileRef = 838F73A41A3967FC00C5B64B /* LocalPage.html */; };
/* End PBXBuildFile section */

/* Begin PBXContainerItemProxy section */
		838F73951A3965D200C5B64B /* PBXContainerItemProxy */ = {
			isa = PBXContainerItemProxy;
			containerPortal = 838F73731A3965D100C5B64B /* Project object */;
			proxyType = 1;
			remoteGlobalIDString = 838F737A1A3965D100C5B64B;
			remoteInfo = "webview-js-example";
		};
/* End PBXContainerItemProxy section */

/* Begin PBXFileReference section */
		838F737B1A3965D100C5B64B /* webview-js-example.app */ = {isa = PBXFileReference; explicitFileType = wrapper.application; includeInIndex = 0; path = "webview-js-example.app"; sourceTree = BUILT_PRODUCTS_DIR; };
		838F737F1A3965D100C5B64B /* Info.plist */ = {isa = PBXFileReference; lastKnownFileType = text.plist.xml; path = Info.plist; sourceTree = "<group>"; };
		838F73801A3965D100C5B64B /* main.m */ = {isa = PBXFileReference; lastKnownFileType = sourcecode.c.objc; path = main.m; sourceTree = "<group>"; };
		838F73821A3965D100C5B64B /* AppDelegate.h */ = {isa = PBXFileReference; lastKnownFileType = sourcecode.c.h; path = AppDelegate.h; sourceTree = "<group>"; };
		838F73831A3965D100C5B64B /* AppDelegate.m */ = {isa = PBXFileReference; lastKnownFileType = sourcecode.c.objc; path = AppDelegate.m; sourceTree = "<group>"; };
		838F73851A3965D100C5B64B /* ViewController.h */ = {isa = PBXFileReference; lastKnownFileType = sourcecode.c.h; path = ViewController.h; sourceTree = "<group>"; };
		838F73861A3965D100C5B64B /* ViewController.m */ = {isa = PBXFileReference; lastKnownFileType = sourcecode.c.objc; path = ViewController.m; sourceTree = "<group>"; };
		838F73891A3965D100C5B64B /* Base */ = {isa = PBXFileReference; lastKnownFileType = file.storyboard; name = Base; path = Base.lproj/Main.storyboard; sourceTree = "<group>"; };
		838F738B1A3965D100C5B64B /* Images.xcassets */ = {isa = PBXFileReference; lastKnownFileType = folder.assetcatalog; path = Images.xcassets; sourceTree = "<group>"; };
		838F738E1A3965D100C5B64B /* Base */ = {isa = PBXFileReference; lastKnownFileType = file.xib; name = Base; path = Base.lproj/LaunchScreen.xib; sourceTree = "<group>"; };
		838F73941A3965D200C5B64B /* webview-js-exampleTests.xctest */ = {isa = PBXFileReference; explicitFileType = wrapper.cfbundle; includeInIndex = 0; path = "webview-js-exampleTests.xctest"; sourceTree = BUILT_PRODUCTS_DIR; };
		838F73991A3965D200C5B64B /* Info.plist */ = {isa = PBXFileReference; lastKnownFileType = text.plist.xml; path = Info.plist; sourceTree = "<group>"; };
		838F739A1A3965D200C5B64B /* webview_js_exampleTests.m */ = {isa = PBXFileReference; lastKnownFileType = sourcecode.c.objc; path = webview_js_exampleTests.m; sourceTree = "<group>"; };
		838F73A41A3967FC00C5B64B /* LocalPage.html */ = {isa = PBXFileReference; fileEncoding = 4; lastKnownFileType = text.html; path = LocalPage.html; sourceTree = "<group>"; };
/* End PBXFileReference section */

/* Begin PBXFrameworksBuildPhase section */
		838F73781A3965D100C5B64B /* Frameworks */ = {
			isa = PBXFrameworksBuildPhase;
			buildActionMask = 2147483647;
			files = (
			);
			runOnlyForDeploymentPostprocessing = 0;
		};
		838F73911A3965D200C5B64B /* Frameworks */ = {
			isa = PBXFrameworksBuildPhase;
			buildActionMask = 2147483647;
			files = (
			);
			runOnlyForDeploymentPostprocessing = 0;
		};
/* End PBXFrameworksBuildPhase section */

/* Begin PBXGroup section */
		838F73721A3965D100C5B64B = {
			isa = PBXGroup;
			children = (
				838F737D1A3965D100C5B64B /* webview-js-example */,
				838F73971A3965D200C5B64B /* webview-js-exampleTests */,
				838F737C1A3965D100C5B64B /* Products */,
			);
			sourceTree = "<group>";
		};
		838F737C1A3965D100C5B64B /* Products */ = {
			isa = PBXGroup;
			children = (
				838F737B1A3965D100C5B64B /* webview-js-example.app */,
				838F73941A3965D200C5B64B /* webview-js-exampleTests.xctest */,
			);
			name = Products;
			sourceTree = "<group>";
		};
		838F737D1A3965D100C5B64B /* webview-js-example */ = {
			isa = PBXGroup;
			children = (
				838F73821A3965D100C5B64B /* AppDelegate.h */,
				838F73831A3965D100C5B64B /* AppDelegate.m */,
				838F73851A3965D100C5B64B /* ViewController.h */,
				838F73861A3965D100C5B64B /* ViewController.m */,
				838F73881A3965D100C5B64B /* Main.storyboard */,
				838F738B1A3965D100C5B64B /* Images.xcassets */,
				838F738D1A3965D100C5B64B /* LaunchScreen.xib */,
				838F737E1A3965D100C5B64B /* Supporting Files */,
				838F73A41A3967FC00C5B64B /* LocalPage.html */,
			);
			path = "webview-js-example";
			sourceTree = "<group>";
		};
		838F737E1A3965D100C5B64B /* Supporting Files */ = {
			isa = PBXGroup;
			children = (
				838F737F1A3965D100C5B64B /* Info.plist */,
				838F73801A3965D100C5B64B /* main.m */,
			);
			name = "Supporting Files";
			sourceTree = "<group>";
		};
		838F73971A3965D200C5B64B /* webview-js-exampleTests */ = {
			isa = PBXGroup;
			children = (
				838F739A1A3965D200C5B64B /* webview_js_exampleTests.m */,
				838F73981A3965D200C5B64B /* Supporting Files */,
			);
			path = "webview-js-exampleTests";
			sourceTree = "<group>";
		};
		838F73981A3965D200C5B64B /* Supporting Files */ = {
			isa = PBXGroup;
			children = (
				838F73991A3965D200C5B64B /* Info.plist */,
			);
			name = "Supporting Files";
			sourceTree = "<group>";
		};
/* End PBXGroup section */

/* Begin PBXNativeTarget section */
		838F737A1A3965D100C5B64B /* webview-js-example */ = {
			isa = PBXNativeTarget;
			buildConfigurationList = 838F739E1A3965D200C5B64B /* Build configuration list for PBXNativeTarget "webview-js-example" */;
			buildPhases = (
				838F73771A3965D100C5B64B /* Sources */,
				838F73781A3965D100C5B64B /* Frameworks */,
				838F73791A3965D100C5B64B /* Resources */,
			);
			buildRules = (
			);
			dependencies = (
			);
			name = "webview-js-example";
			productName = "webview-js-example";
			productReference = 838F737B1A3965D100C5B64B /* webview-js-example.app */;
			productType = "com.apple.product-type.application";
		};
		838F73931A3965D200C5B64B /* webview-js-exampleTests */ = {
			isa = PBXNativeTarget;
			buildConfigurationList = 838F73A11A3965D200C5B64B /* Build configuration list for PBXNativeTarget "webview-js-exampleTests" */;
			buildPhases = (
				838F73901A3965D200C5B64B /* Sources */,
				838F73911A3965D200C5B64B /* Frameworks */,
				838F73921A3965D200C5B64B /* Resources */,
			);
			buildRules = (
			);
			dependencies = (
				838F73961A3965D200C5B64B /* PBXTargetDependency */,
			);
			name = "webview-js-exampleTests";
			productName = "webview-js-exampleTests";
			productReference = 838F73941A3965D200C5B64B /* webview-js-exampleTests.xctest */;
			productType = "com.apple.product-type.bundle.unit-test";
		};
/* End PBXNativeTarget section */

/* Begin PBXProject section */
		838F73731A3965D100C5B64B /* Project object */ = {
			isa = PBXProject;
			attributes = {
				LastUpgradeCheck = 0610;
				ORGANIZATIONNAME = Danil;
				TargetAttributes = {
					838F737A1A3965D100C5B64B = {
						CreatedOnToolsVersion = 6.1.1;
					};
					838F73931A3965D200C5B64B = {
						CreatedOnToolsVersion = 6.1.1;
						TestTargetID = 838F737A1A3965D100C5B64B;
					};
				};
			};
			buildConfigurationList = 838F73761A3965D100C5B64B /* Build configuration list for PBXProject "webview-js-example" */;
			compatibilityVersion = "Xcode 3.2";
			developmentRegion = English;
			hasScannedForEncodings = 0;
			knownRegions = (
				en,
				Base,
			);
			mainGroup = 838F73721A3965D100C5B64B;
			productRefGroup = 838F737C1A3965D100C5B64B /* Products */;
			projectDirPath = "";
			projectRoot = "";
			targets = (
				838F737A1A3965D100C5B64B /* webview-js-example */,
				838F73931A3965D200C5B64B /* webview-js-exampleTests */,
			);
		};
/* End PBXProject section */

/* Begin PBXResourcesBuildPhase section */
		838F73791A3965D100C5B64B /* Resources */ = {
			isa = PBXResourcesBuildPhase;
			buildActionMask = 2147483647;
			files = (
				838F738A1A3965D100C5B64B /* Main.storyboard in Resources */,
				838F73A51A3967FC00C5B64B /* LocalPage.html in Resources */,
				838F738F1A3965D100C5B64B /* LaunchScreen.xib in Resources */,
				838F738C1A3965D100C5B64B /* Images.xcassets in Resources */,
			);
			runOnlyForDeploymentPostprocessing = 0;
		};
		838F73921A3965D200C5B64B /* Resources */ = {
			isa = PBXResourcesBuildPhase;
			buildActionMask = 2147483647;
			files = (
			);
			runOnlyForDeploymentPostprocessing = 0;
		};
/* End PBXResourcesBuildPhase section */

/* Begin PBXSourcesBuildPhase section */
		838F73771A3965D100C5B64B /* Sources */ = {
			isa = PBXSourcesBuildPhase;
			buildActionMask = 2147483647;
			files = (
				838F73871A3965D100C5B64B /* ViewController.m in Sources */,
				838F73841A3965D100C5B64B /* AppDelegate.m in Sources */,
				838F73811A3965D100C5B64B /* main.m in Sources */,
			);
			runOnlyForDeploymentPostprocessing = 0;
		};
		838F73901A3965D200C5B64B /* Sources */ = {
			isa = PBXSourcesBuildPhase;
			buildActionMask = 2147483647;
			files = (
				838F739B1A3965D200C5B64B /* webview_js_exampleTests.m in Sources */,
			);
			runOnlyForDeploymentPostprocessing = 0;
		};
/* End PBXSourcesBuildPhase section */

/* Begin PBXTargetDependency section */
		838F73961A3965D200C5B64B /* PBXTargetDependency */ = {
			isa = PBXTargetDependency;
			target = 838F737A1A3965D100C5B64B /* webview-js-example */;
			targetProxy = 838F73951A3965D200C5B64B /* PBXContainerItemProxy */;
		};
/* End PBXTargetDependency section */

/* Begin PBXVariantGroup section */
		838F73881A3965D100C5B64B /* Main.storyboard */ = {
			isa = PBXVariantGroup;
			children = (
				838F73891A3965D100C5B64B /* Base */,
			);
			name = Main.storyboard;
			sourceTree = "<group>";
		};
		838F738D1A3965D100C5B64B /* LaunchScreen.xib */ = {
			isa = PBXVariantGroup;
			children = (
				838F738E1A3965D100C5B64B /* Base */,
			);
			name = LaunchScreen.xib;
			sourceTree = "<group>";
		};
/* End PBXVariantGroup section */

/* Begin XCBuildConfiguration section */
		838F739C1A3965D200C5B64B /* Debug */ = {
			isa = XCBuildConfiguration;
			buildSettings = {
				ALWAYS_SEARCH_USER_PATHS = NO;
				CLANG_CXX_LANGUAGE_STANDARD = "gnu++0x";
				CLANG_CXX_LIBRARY = "libc++";
				CLANG_ENABLE_MODULES = YES;
				CLANG_ENABLE_OBJC_ARC = YES;
				CLANG_WARN_BOOL_CONVERSION = YES;
				CLANG_WARN_CONSTANT_CONVERSION = YES;
				CLANG_WARN_DIRECT_OBJC_ISA_USAGE = YES_ERROR;
				CLANG_WARN_EMPTY_BODY = YES;
				CLANG_WARN_ENUM_CONVERSION = YES;
				CLANG_WARN_INT_CONVERSION = YES;
				CLANG_WARN_OBJC_ROOT_CLASS = YES_ERROR;
				CLANG_WARN_UNREACHABLE_CODE = YES;
				CLANG_WARN__DUPLICATE_METHOD_MATCH = YES;
				"CODE_SIGN_IDENTITY[sdk=iphoneos*]" = "iPhone Developer";
				COPY_PHASE_STRIP = NO;
				ENABLE_STRICT_OBJC_MSGSEND = YES;
				GCC_C_LANGUAGE_STANDARD = gnu99;
				GCC_DYNAMIC_NO_PIC = NO;
				GCC_OPTIMIZATION_LEVEL = 0;
				GCC_PREPROCESSOR_DEFINITIONS = (
					"DEBUG=1",
					"$(inherited)",
				);
				GCC_SYMBOLS_PRIVATE_EXTERN = NO;
				GCC_WARN_64_TO_32_BIT_CONVERSION = YES;
				GCC_WARN_ABOUT_RETURN_TYPE = YES_ERROR;
				GCC_WARN_UNDECLARED_SELECTOR = YES;
				GCC_WARN_UNINITIALIZED_AUTOS = YES_AGGRESSIVE;
				GCC_WARN_UNUSED_FUNCTION = YES;
				GCC_WARN_UNUSED_VARIABLE = YES;
				IPHONEOS_DEPLOYMENT_TARGET = 8.1;
				MTL_ENABLE_DEBUG_INFO = YES;
				ONLY_ACTIVE_ARCH = YES;
				SDKROOT = iphoneos;
			};
			name = Debug;
		};
		838F739D1A3965D200C5B64B /* Release */ = {
			isa = XCBuildConfiguration;
			buildSettings = {
				ALWAYS_SEARCH_USER_PATHS = NO;
				CLANG_CXX_LANGUAGE_STANDARD = "gnu++0x";
				CLANG_CXX_LIBRARY = "libc++";
				CLANG_ENABLE_MODULES = YES;
				CLANG_ENABLE_OBJC_ARC = YES;
				CLANG_WARN_BOOL_CONVERSION = YES;
				CLANG_WARN_CONSTANT_CONVERSION = YES;
				CLANG_WARN_DIRECT_OBJC_ISA_USAGE = YES_ERROR;
				CLANG_WARN_EMPTY_BODY = YES;
				CLANG_WARN_ENUM_CONVERSION = YES;
				CLANG_WARN_INT_CONVERSION = YES;
				CLANG_WARN_OBJC_ROOT_CLASS = YES_ERROR;
				CLANG_WARN_UNREACHABLE_CODE = YES;
				CLANG_WARN__DUPLICATE_METHOD_MATCH = YES;
				"CODE_SIGN_IDENTITY[sdk=iphoneos*]" = "iPhone Developer";
				COPY_PHASE_STRIP = YES;
				ENABLE_NS_ASSERTIONS = NO;
				ENABLE_STRICT_OBJC_MSGSEND = YES;
				GCC_C_LANGUAGE_STANDARD = gnu99;
				GCC_WARN_64_TO_32_BIT_CONVERSION = YES;
				GCC_WARN_ABOUT_RETURN_TYPE = YES_ERROR;
				GCC_WARN_UNDECLARED_SELECTOR = YES;
				GCC_WARN_UNINITIALIZED_AUTOS = YES_AGGRESSIVE;
				GCC_WARN_UNUSED_FUNCTION = YES;
				GCC_WARN_UNUSED_VARIABLE = YES;
				IPHONEOS_DEPLOYMENT_TARGET = 8.1;
				MTL_ENABLE_DEBUG_INFO = NO;
				SDKROOT = iphoneos;
				VALIDATE_PRODUCT = YES;
			};
			name = Release;
		};
		838F739F1A3965D200C5B64B /* Debug */ = {
			isa = XCBuildConfiguration;
			buildSettings = {
				ASSETCATALOG_COMPILER_APPICON_NAME = AppIcon;
				INFOPLIST_FILE = "webview-js-example/Info.plist";
				LD_RUNPATH_SEARCH_PATHS = "$(inherited) @executable_path/Frameworks";
				PRODUCT_NAME = "$(TARGET_NAME)";
			};
			name = Debug;
		};
		838F73A01A3965D200C5B64B /* Release */ = {
			isa = XCBuildConfiguration;
			buildSettings = {
				ASSETCATALOG_COMPILER_APPICON_NAME = AppIcon;
				INFOPLIST_FILE = "webview-js-example/Info.plist";
				LD_RUNPATH_SEARCH_PATHS = "$(inherited) @executable_path/Frameworks";
				PRODUCT_NAME = "$(TARGET_NAME)";
			};
			name = Release;
		};
		838F73A21A3965D200C5B64B /* Debug */ = {
			isa = XCBuildConfiguration;
			buildSettings = {
				BUNDLE_LOADER = "$(TEST_HOST)";
				FRAMEWORK_SEARCH_PATHS = (
					"$(SDKROOT)/Developer/Library/Frameworks",
					"$(inherited)",
				);
				GCC_PREPROCESSOR_DEFINITIONS = (
					"DEBUG=1",
					"$(inherited)",
				);
				INFOPLIST_FILE = "webview-js-exampleTests/Info.plist";
				LD_RUNPATH_SEARCH_PATHS = "$(inherited) @executable_path/Frameworks @loader_path/Frameworks";
				PRODUCT_NAME = "$(TARGET_NAME)";
				TEST_HOST = "$(BUILT_PRODUCTS_DIR)/webview-js-example.app/webview-js-example";
			};
			name = Debug;
		};
		838F73A31A3965D200C5B64B /* Release */ = {
			isa = XCBuildConfiguration;
			buildSettings = {
				BUNDLE_LOADER = "$(TEST_HOST)";
				FRAMEWORK_SEARCH_PATHS = (
					"$(SDKROOT)/Developer/Library/Frameworks",
					"$(inherited)",
				);
				INFOPLIST_FILE = "webview-js-exampleTests/Info.plist";
				LD_RUNPATH_SEARCH_PATHS = "$(inherited) @executable_path/Frameworks @loader_path/Frameworks";
				PRODUCT_NAME = "$(TARGET_NAME)";
				TEST_HOST = "$(BUILT_PRODUCTS_DIR)/webview-js-example.app/webview-js-example";
			};
			name = Release;
		};
/* End XCBuildConfiguration section */

/* Begin XCConfigurationList section */
		838F73761A3965D100C5B64B /* Build configuration list for PBXProject "webview-js-example" */ = {
			isa = XCConfigurationList;
			buildConfigurations = (
				838F739C1A3965D200C5B64B /* Debug */,
				838F739D1A3965D200C5B64B /* Release */,
			);
			defaultConfigurationIsVisible = 0;
			defaultConfigurationName = Release;
		};
		838F739E1A3965D200C5B64B /* Build configuration list for PBXNativeTarget "webview-js-example" */ = {
			isa = XCConfigurationList;
			buildConfigurations = (
				838F739F1A3965D200C5B64B /* Debug */,
				838F73A01A3965D200C5B64B /* Release */,
			);
			defaultConfigurationIsVisible = 0;
		};
		838F73A11A3965D200C5B64B /* Build configuration list for PBXNativeTarget "webview-js-exampleTests" */ = {
			isa = XCConfigurationList;
			buildConfigurations = (
				838F73A21A3965D200C5B64B /* Debug */,
				838F73A31A3965D200C5B64B /* Release */,
			);
			defaultConfigurationIsVisible = 0;
		};
/* End XCConfigurationList section */
	};
	rootObject = 838F73731A3965D100C5B64B /* Project object */;
}
